
Microsoft Visual Studio Solution File, Format Version 12.00
# Visual Studio Version 17
VisualStudioVersion = 17.3.32819.101
MinimumVisualStudioVersion = 10.0.40219.1
Project("{FAE04EC0-301F-11D3-BF4B-00C04F79EFBC}") = "Remove-bg", "Remove-bg\Remove-bg.csproj", "{3C0D4F39-DC67-42E9-9676-A4CF5089C837}"
EndProject
Project("{FAE04EC0-301F-11D3-BF4B-00C04F79EFBC}") = "Removebg.Test", "Removebg.Test\Removebg.Test.csproj", "{BE9F9BD5-5366-45B8-99CF-DC7EAE0749A5}"
EndProject
Global
	GlobalSection(SolutionConfigurationPlatforms) = preSolution
		Debug|Any CPU = Debug|Any CPU
		Release|Any CPU = Release|Any CPU
	EndGlobalSection
	GlobalSection(ProjectConfigurationPlatforms) = postSolution
		{3C0D4F39-DC67-42E9-9676-A4CF5089C837}.Debug|Any CPU.ActiveCfg = Debug|Any CPU
		{3C0D4F39-DC67-42E9-9676-A4CF5089C837}.Debug|Any CPU.Build.0 = Debug|Any CPU
		{3C0D4F39-DC67-42E9-9676-A4CF5089C837}.Release|Any CPU.ActiveCfg = Release|Any CPU
		{3C0D4F39-DC67-42E9-9676-A4CF5089C837}.Release|Any CPU.Build.0 = Release|Any CPU
		{BE9F9BD5-5366-45B8-99CF-DC7EAE0749A5}.Debug|Any CPU.ActiveCfg = Debug|Any CPU
		{BE9F9BD5-5366-45B8-99CF-DC7EAE0749A5}.Debug|Any CPU.Build.0 = Debug|Any CPU
		{BE9F9BD5-5366-45B8-99CF-DC7EAE0749A5}.Release|Any CPU.ActiveCfg = Release|Any CPU
		{BE9F9BD5-5366-45B8-99CF-DC7EAE0749A5}.Release|Any CPU.Build.0 = Release|Any CPU
	EndGlobalSection
	GlobalSection(SolutionProperties) = preSolution
		HideSolutionNode = FALSE
	EndGlobalSection
	GlobalSection(ExtensibilityGlobals) = postSolution
		SolutionGuid = {21A29FC2-7B95-42D8-9B58-A2BE478BCD77}
	EndGlobalSection
EndGlobal
